PODS:
  - GKCoreData (1.0.5):
    - GKExtensions (~> 1.1.0)
  - GKExtensions (1.1.0)
  - GKNetwork (1.0.0):
    - GKExtensions (~> 1.1.0)
  - GKRepresentable (1.0.1):
    - GKExtensions (~> 1.1.0)
  - GKUseCase (1.0.1):
    - GKCoreData (~> 1.0.4)
    - GKExtensions (~> 1.1.0)
    - GKNetwork (~> 1.0.0)
  - GKViper (1.0.0):
    - GKExtensions (~> 1.1.0)

DEPENDENCIES:
  - GKCoreData (~> 1.0.5)
  - GKRepresentable (~> 1.0.1)
  - GKUseCase (~> 1.0.1)
  - GKViper (~> 1.0.0)

SPEC REPOS:
  trunk:
    - GKCoreData
    - GKExtensions
    - GKNetwork
    - GKRepresentable
    - GKUseCase
    - GKViper

SPEC CHECKSUMS:
  GKCoreData: c9d4315c9d425bac1dca8448f3ffac0d13c3644b
  GKExtensions: e2336b4ae2a62bfc968fd1a4ced30365ffb3f73b
  GKNetwork: 8cf98586bc75269e45dd36e4aed047eb67f6cfc1
  GKRepresentable: 6dcaa093a142604c5f2caa24a3839512331aa2eb
  GKUseCase: b215028ecbee5c5b48f2e7c5f4b728acd7dc4f69
  GKViper: 1ffe86f32753c4fc834c1325ee1892806c9ff1aa

PODFILE CHECKSUM: bfc9641c0b2fb331fc6ded275180d88622206b69

COCOAPODS: 1.8.4
